// !$*UTF8*$!
{
	archiveVersion = 1;
	classes = {
	};
	objectVersion = 51;
	objects = {

/* Begin PBXBuildFile section */
		5B5C9E08267235F8004FB67F /* ChatViewController.swift in Sources */ = {isa = PBXBuildFile; fileRef = 5B5C9E07267235F8004FB67F /* ChatViewController.swift */; };
		5B8B868F266FEB91005125FC /* ScrollViewController.swift in Sources */ = {isa = PBXBuildFile; fileRef = 5B8B868E266FEB91005125FC /* ScrollViewController.swift */; };
		91CB97F41F77C69055BD78BD /* Pods_CapSteezyProjeezy.framework in Frameworks */ = {isa = PBXBuildFile; fileRef = 5EB9A64EC83B7A8BADCAE499 /* Pods_CapSteezyProjeezy.framework */; };
		BF2318B72633013B000FBCDA /* AppDelegate.swift in Sources */ = {isa = PBXBuildFile; fileRef = BF2318B62633013B000FBCDA /* AppDelegate.swift */; };
		BF2318B92633013B000FBCDA /* SceneDelegate.swift in Sources */ = {isa = PBXBuildFile; fileRef = BF2318B82633013B000FBCDA /* SceneDelegate.swift */; };
		BF2318BB2633013B000FBCDA /* ViewController.swift in Sources */ = {isa = PBXBuildFile; fileRef = BF2318BA2633013B000FBCDA /* ViewController.swift */; };
		BF2318BE2633013B000FBCDA /* Main.storyboard in Resources */ = {isa = PBXBuildFile; fileRef = BF2318BC2633013B000FBCDA /* Main.storyboard */; };
		BF2318C02633013E000FBCDA /* Assets.xcassets in Resources */ = {isa = PBXBuildFile; fileRef = BF2318BF2633013E000FBCDA /* Assets.xcassets */; };
		BF2318C32633013E000FBCDA /* LaunchScreen.storyboard in Resources */ = {isa = PBXBuildFile; fileRef = BF2318C12633013E000FBCDA /* LaunchScreen.storyboard */; };
/* End PBXBuildFile section */

/* Begin PBXFileReference section */
		33F16158AC8CF75AA98B068B /* Pods-CapSteezyProjeezy.debug.xcconfig */ = {isa = PBXFileReference; includeInIndex = 1; lastKnownFileType = text.xcconfig; name = "Pods-CapSteezyProjeezy.debug.xcconfig"; path = "Target Support Files/Pods-CapSteezyProjeezy/Pods-CapSteezyProjeezy.debug.xcconfig"; sourceTree = "<group>"; };
		5B5C9E07267235F8004FB67F /* ChatViewController.swift */ = {isa = PBXFileReference; lastKnownFileType = sourcecode.swift; path = ChatViewController.swift; sourceTree = "<group>"; };
		5B8B868E266FEB91005125FC /* ScrollViewController.swift */ = {isa = PBXFileReference; lastKnownFileType = sourcecode.swift; path = ScrollViewController.swift; sourceTree = "<group>"; };
		5EB9A64EC83B7A8BADCAE499 /* Pods_CapSteezyProjeezy.framework */ = {isa = PBXFileReference; explicitFileType = wrapper.framework; includeInIndex = 0; path = Pods_CapSteezyProjeezy.framework; sourceTree = BUILT_PRODUCTS_DIR; };
		BF2318B32633013B000FBCDA /* CapSteezyProjeezy.app */ = {isa = PBXFileReference; explicitFileType = wrapper.application; includeInIndex = 0; path = CapSteezyProjeezy.app; sourceTree = BUILT_PRODUCTS_DIR; };
		BF2318B62633013B000FBCDA /* AppDelegate.swift */ = {isa = PBXFileReference; lastKnownFileType = sourcecode.swift; path = AppDelegate.swift; sourceTree = "<group>"; };
		BF2318B82633013B000FBCDA /* SceneDelegate.swift */ = {isa = PBXFileReference; lastKnownFileType = sourcecode.swift; path = SceneDelegate.swift; sourceTree = "<group>"; };
		BF2318BA2633013B000FBCDA /* ViewController.swift */ = {isa = PBXFileReference; lastKnownFileType = sourcecode.swift; path = ViewController.swift; sourceTree = "<group>"; };
		BF2318BD2633013B000FBCDA /* Base */ = {isa = PBXFileReference; lastKnownFileType = file.storyboard; name = Base; path = Base.lproj/Main.storyboard; sourceTree = "<group>"; };
		BF2318BF2633013E000FBCDA /* Assets.xcassets */ = {isa = PBXFileReference; lastKnownFileType = folder.assetcatalog; path = Assets.xcassets; sourceTree = "<group>"; };
		BF2318C22633013E000FBCDA /* Base */ = {isa = PBXFileReference; lastKnownFileType = file.storyboard; name = Base; path = Base.lproj/LaunchScreen.storyboard; sourceTree = "<group>"; };
		BF2318C42633013E000FBCDA /* Info.plist */ = {isa = PBXFileReference; lastKnownFileType = text.plist.xml; path = Info.plist; sourceTree = "<group>"; };
		C929BC966C1A458BE5B98DAD /* Pods-CapSteezyProjeezy.release.xcconfig */ = {isa = PBXFileReference; includeInIndex = 1; lastKnownFileType = text.xcconfig; name = "Pods-CapSteezyProjeezy.release.xcconfig"; path = "Target Support Files/Pods-CapSteezyProjeezy/Pods-CapSteezyProjeezy.release.xcconfig"; sourceTree = "<group>"; };
/* End PBXFileReference section */

/* Begin PBXFrameworksBuildPhase section */
		BF2318B02633013B000FBCDA /* Frameworks */ = {
			isa = PBXFrameworksBuildPhase;
			buildActionMask = 2147483647;
			files = (
				91CB97F41F77C69055BD78BD /* Pods_CapSteezyProjeezy.framework in Frameworks */,
			);
			runOnlyForDeploymentPostprocessing = 0;
		};
/* End PBXFrameworksBuildPhase section */

/* Begin PBXGroup section */
		6ECB4E3F55EFB8886AF1E110 /* Frameworks */ = {
			isa = PBXGroup;
			children = (
				5EB9A64EC83B7A8BADCAE499 /* Pods_CapSteezyProjeezy.framework */,
			);
			name = Frameworks;
			sourceTree = "<group>";
		};
		BF2318AA2633013B000FBCDA = {
			isa = PBXGroup;
			children = (
				BF2318B52633013B000FBCDA /* CapSteezyProjeezy */,
				BF2318B42633013B000FBCDA /* Products */,
				FC19FE98EFFB11FC26647E62 /* Pods */,
				6ECB4E3F55EFB8886AF1E110 /* Frameworks */,
			);
			sourceTree = "<group>";
		};
		BF2318B42633013B000FBCDA /* Products */ = {
			isa = PBXGroup;
			children = (
				BF2318B32633013B000FBCDA /* CapSteezyProjeezy.app */,
			);
			name = Products;
			sourceTree = "<group>";
		};
		BF2318B52633013B000FBCDA /* CapSteezyProjeezy */ = {
			isa = PBXGroup;
			children = (
				BF2318B62633013B000FBCDA /* AppDelegate.swift */,
				BF2318B82633013B000FBCDA /* SceneDelegate.swift */,
				BF2318BA2633013B000FBCDA /* ViewController.swift */,
				BF2318BC2633013B000FBCDA /* Main.storyboard */,
				5B5C9E07267235F8004FB67F /* ChatViewController.swift */,
				BF2318BF2633013E000FBCDA /* Assets.xcassets */,
				5B8B868E266FEB91005125FC /* ScrollViewController.swift */,
				BF2318C12633013E000FBCDA /* LaunchScreen.storyboard */,
				BF2318C42633013E000FBCDA /* Info.plist */,
			);
			path = CapSteezyProjeezy;
			sourceTree = "<group>";
		};
		FC19FE98EFFB11FC26647E62 /* Pods */ = {
			isa = PBXGroup;
			children = (
				33F16158AC8CF75AA98B068B /* Pods-CapSteezyProjeezy.debug.xcconfig */,
				C929BC966C1A458BE5B98DAD /* Pods-CapSteezyProjeezy.release.xcconfig */,
			);
			path = Pods;
			sourceTree = "<group>";
		};
/* End PBXGroup section */

/* Begin PBXNativeTarget section */
		BF2318B22633013B000FBCDA /* CapSteezyProjeezy */ = {
			isa = PBXNativeTarget;
			buildConfigurationList = BF2318C72633013E000FBCDA /* Build configuration list for PBXNativeTarget "CapSteezyProjeezy" */;
			buildPhases = (
				47A3A27EFEF6EC302CFD8226 /* [CP] Check Pods Manifest.lock */,
				BF2318AF2633013B000FBCDA /* Sources */,
				BF2318B02633013B000FBCDA /* Frameworks */,
				BF2318B12633013B000FBCDA /* Resources */,
				8B41AF88B652F19ACB504827 /* [CP] Embed Pods Frameworks */,
			);
			buildRules = (
			);
			dependencies = (
			);
			name = CapSteezyProjeezy;
			productName = CapSteezyProjeezy;
			productReference = BF2318B32633013B000FBCDA /* CapSteezyProjeezy.app */;
			productType = "com.apple.product-type.application";
		};
/* End PBXNativeTarget section */

/* Begin PBXProject section */
		BF2318AB2633013B000FBCDA /* Project object */ = {
			isa = PBXProject;
			attributes = {
				LastSwiftUpdateCheck = 1200;
				LastUpgradeCheck = 1200;
				TargetAttributes = {
					BF2318B22633013B000FBCDA = {
						CreatedOnToolsVersion = 12.0.1;
					};
				};
			};
			buildConfigurationList = BF2318AE2633013B000FBCDA /* Build configuration list for PBXProject "CapSteezyProjeezy" */;
			compatibilityVersion = "Xcode 9.3";
			developmentRegion = en;
			hasScannedForEncodings = 0;
			knownRegions = (
				en,
				Base,
			);
			mainGroup = BF2318AA2633013B000FBCDA;
			productRefGroup = BF2318B42633013B000FBCDA /* Products */;
			projectDirPath = "";
			projectRoot = "";
			targets = (
				BF2318B22633013B000FBCDA /* CapSteezyProjeezy */,
			);
		};
/* End PBXProject section */

/* Begin PBXResourcesBuildPhase section */
		BF2318B12633013B000FBCDA /* Resources */ = {
			isa = PBXResourcesBuildPhase;
			buildActionMask = 2147483647;
			files = (
				BF2318C32633013E000FBCDA /* LaunchScreen.storyboard in Resources */,
				BF2318C02633013E000FBCDA /* Assets.xcassets in Resources */,
				BF2318BE2633013B000FBCDA /* Main.storyboard in Resources */,
			);
			runOnlyForDeploymentPostprocessing = 0;
		};
/* End PBXResourcesBuildPhase section */

/* Begin PBXShellScriptBuildPhase section */
		47A3A27EFEF6EC302CFD8226 /* [CP] Check Pods Manifest.lock */ = {
			isa = PBXShellScriptBuildPhase;
			buildActionMask = 2147483647;
			files = (
			);
			inputFileListPaths = (
			);
			inputPaths = (
				"${PODS_PODFILE_DIR_PATH}/Podfile.lock",
				"${PODS_ROOT}/Manifest.lock",
			);
			name = "[CP] Check Pods Manifest.lock";
			outputFileListPaths = (
			);
			outputPaths = (
				"$(DERIVED_FILE_DIR)/Pods-CapSteezyProjeezy-checkManifestLockResult.txt",
			);
			runOnlyForDeploymentPostprocessing = 0;
			shellPath = /bin/sh;
			shellScript = "diff \"${PODS_PODFILE_DIR_PATH}/Podfile.lock\" \"${PODS_ROOT}/Manifest.lock\" > /dev/null\nif [ $? != 0 ] ; then\n    # print error to STDERR\n    echo \"error: The sandbox is not in sync with the Podfile.lock. Run 'pod install' or update your CocoaPods installation.\" >&2\n    exit 1\nfi\n# This output is used by Xcode 'outputs' to avoid re-running this script phase.\necho \"SUCCESS\" > \"${SCRIPT_OUTPUT_FILE_0}\"\n";
			showEnvVarsInLog = 0;
		};
		8B41AF88B652F19ACB504827 /* [CP] Embed Pods Frameworks */ = {
			isa = PBXShellScriptBuildPhase;
			buildActionMask = 2147483647;
			files = (
			);
			inputFileListPaths = (
				"${PODS_ROOT}/Target Support Files/Pods-CapSteezyProjeezy/Pods-CapSteezyProjeezy-frameworks-${CONFIGURATION}-input-files.xcfilelist",
			);
			name = "[CP] Embed Pods Frameworks";
			outputFileListPaths = (
				"${PODS_ROOT}/Target Support Files/Pods-CapSteezyProjeezy/Pods-CapSteezyProjeezy-frameworks-${CONFIGURATION}-output-files.xcfilelist",
			);
			runOnlyForDeploymentPostprocessing = 0;
			shellPath = /bin/sh;
			shellScript = "\"${PODS_ROOT}/Target Support Files/Pods-CapSteezyProjeezy/Pods-CapSteezyProjeezy-frameworks.sh\"\n";
			showEnvVarsInLog = 0;
		};
/* End PBXShellScriptBuildPhase section */

/* Begin PBXSourcesBuildPhase section */
		BF2318AF2633013B000FBCDA /* Sources */ = {
			isa = PBXSourcesBuildPhase;
			buildActionMask = 2147483647;
			files = (
				BF2318BB2633013B000FBCDA /* ViewController.swift in Sources */,
				BF2318B72633013B000FBCDA /* AppDelegate.swift in Sources */,
				BF2318B92633013B000FBCDA /* SceneDelegate.swift in Sources */,
				5B5C9E08267235F8004FB67F /* ChatViewController.swift in Sources */,
				5B8B868F266FEB91005125FC /* ScrollViewController.swift in Sources */,
			);
			runOnlyForDeploymentPostprocessing = 0;
		};
/* End PBXSourcesBuildPhase section */

/* Begin PBXVariantGroup section */
		BF2318BC2633013B000FBCDA /* Main.storyboard */ = {
			isa = PBXVariantGroup;
			children = (
				BF2318BD2633013B000FBCDA /* Base */,
			);
			name = Main.storyboard;
			sourceTree = "<group>";
		};
		BF2318C12633013E000FBCDA /* LaunchScreen.storyboard */ = {
			isa = PBXVariantGroup;
			children = (
				BF2318C22633013E000FBCDA /* Base */,
			);
			name = LaunchScreen.storyboard;
			sourceTree = "<group>";
		};
/* End PBXVariantGroup section */

/* Begin XCBuildConfiguration section */
		BF2318C52633013E000FBCDA /* Debug */ = {
			isa = XCBuildConfiguration;
			buildSettings = {
				ALWAYS_SEARCH_USER_PATHS = NO;
				CLANG_ANALYZER_NONNULL = YES;
				CLANG_ANALYZER_NUMBER_OBJECT_CONVERSION = YES_AGGRESSIVE;
				CLANG_CXX_LANGUAGE_STANDARD = "gnu++14";
				CLANG_CXX_LIBRARY = "libc++";
				CLANG_ENABLE_MODULES = YES;
				CLANG_ENABLE_OBJC_ARC = YES;
				CLANG_ENABLE_OBJC_WEAK = YES;
				CLANG_WARN_BLOCK_CAPTURE_AUTORELEASING = YES;
				CLANG_WARN_BOOL_CONVERSION = YES;
				CLANG_WARN_COMMA = YES;
				CLANG_WARN_CONSTANT_CONVERSION = YES;
				CLANG_WARN_DEPRECATED_OBJC_IMPLEMENTATIONS = YES;
				CLANG_WARN_DIRECT_OBJC_ISA_USAGE = YES_ERROR;
				CLANG_WARN_DOCUMENTATION_COMMENTS = YES;
				CLANG_WARN_EMPTY_BODY = YES;
				CLANG_WARN_ENUM_CONVERSION = YES;
				CLANG_WARN_INFINITE_RECURSION = YES;
				CLANG_WARN_INT_CONVERSION = YES;
				CLANG_WARN_NON_LITERAL_NULL_CONVERSION = YES;
				CLANG_WARN_OBJC_IMPLICIT_RETAIN_SELF = YES;
				CLANG_WARN_OBJC_LITERAL_CONVERSION = YES;
				CLANG_WARN_OBJC_ROOT_CLASS = YES_ERROR;
				CLANG_WARN_QUOTED_INCLUDE_IN_FRAMEWORK_HEADER = YES;
				CLANG_WARN_RANGE_LOOP_ANALYSIS = YES;
				CLANG_WARN_STRICT_PROTOTYPES = YES;
				CLANG_WARN_SUSPICIOUS_MOVE = YES;
				CLANG_WARN_UNGUARDED_AVAILABILITY = YES_AGGRESSIVE;
				CLANG_WARN_UNREACHABLE_CODE = YES;
				CLANG_WARN__DUPLICATE_METHOD_MATCH = YES;
				COPY_PHASE_STRIP = NO;
				DEBUG_INFORMATION_FORMAT = dwarf;
				ENABLE_STRICT_OBJC_MSGSEND = YES;
				ENABLE_TESTABILITY = YES;
				GCC_C_LANGUAGE_STANDARD = gnu11;
				GCC_DYNAMIC_NO_PIC = NO;
				GCC_NO_COMMON_BLOCKS = YES;
				GCC_OPTIMIZATION_LEVEL = 0;
				GCC_PREPROCESSOR_DEFINITIONS = (
					"DEBUG=1",
					"$(inherited)",
				);
				GCC_WARN_64_TO_32_BIT_CONVERSION = YES;
				GCC_WARN_ABOUT_RETURN_TYPE = YES_ERROR;
				GCC_WARN_UNDECLARED_SELECTOR = YES;
				GCC_WARN_UNINITIALIZED_AUTOS = YES_AGGRESSIVE;
				GCC_WARN_UNUSED_FUNCTION = YES;
				GCC_WARN_UNUSED_VARIABLE = YES;
				IPHONEOS_DEPLOYMENT_TARGET = 14.0;
				MTL_ENABLE_DEBUG_INFO = INCLUDE_SOURCE;
				MTL_FAST_MATH = YES;
				ONLY_ACTIVE_ARCH = YES;
				SDKROOT = iphoneos;
				SWIFT_ACTIVE_COMPILATION_CONDITIONS = DEBUG;
				SWIFT_OPTIMIZATION_LEVEL = "-Onone";
			};
			name = Debug;
		};
		BF2318C62633013E000FBCDA /* Release */ = {
			isa = XCBuildConfiguration;
			buildSettings = {
				ALWAYS_SEARCH_USER_PATHS = NO;
				CLANG_ANALYZER_NONNULL = YES;
				CLANG_ANALYZER_NUMBER_OBJECT_CONVERSION = YES_AGGRESSIVE;
				CLANG_CXX_LANGUAGE_STANDARD = "gnu++14";
				CLANG_CXX_LIBRARY = "libc++";
				CLANG_ENABLE_MODULES = YES;
				CLANG_ENABLE_OBJC_ARC = YES;
				CLANG_ENABLE_OBJC_WEAK = YES;
				CLANG_WARN_BLOCK_CAPTURE_AUTORELEASING = YES;
				CLANG_WARN_BOOL_CONVERSION = YES;
				CLANG_WARN_COMMA = YES;
				CLANG_WARN_CONSTANT_CONVERSION = YES;
				CLANG_WARN_DEPRECATED_OBJC_IMPLEMENTATIONS = YES;
				CLANG_WARN_DIRECT_OBJC_ISA_USAGE = YES_ERROR;
				CLANG_WARN_DOCUMENTATION_COMMENTS = YES;
				CLANG_WARN_EMPTY_BODY = YES;
				CLANG_WARN_ENUM_CONVERSION = YES;
				CLANG_WARN_INFINITE_RECURSION = YES;
				CLANG_WARN_INT_CONVERSION = YES;
				CLANG_WARN_NON_LITERAL_NULL_CONVERSION = YES;
				CLANG_WARN_OBJC_IMPLICIT_RETAIN_SELF = YES;
				CLANG_WARN_OBJC_LITERAL_CONVERSION = YES;
				CLANG_WARN_OBJC_ROOT_CLASS = YES_ERROR;
				CLANG_WARN_QUOTED_INCLUDE_IN_FRAMEWORK_HEADER = YES;
				CLANG_WARN_RANGE_LOOP_ANALYSIS = YES;
				CLANG_WARN_STRICT_PROTOTYPES = YES;
				CLANG_WARN_SUSPICIOUS_MOVE = YES;
				CLANG_WARN_UNGUARDED_AVAILABILITY = YES_AGGRESSIVE;
				CLANG_WARN_UNREACHABLE_CODE = YES;
				CLANG_WARN__DUPLICATE_METHOD_MATCH = YES;
				COPY_PHASE_STRIP = NO;
				DEBUG_INFORMATION_FORMAT = "dwarf-with-dsym";
				ENABLE_NS_ASSERTIONS = NO;
				ENABLE_STRICT_OBJC_MSGSEND = YES;
				GCC_C_LANGUAGE_STANDARD = gnu11;
				GCC_NO_COMMON_BLOCKS = YES;
				GCC_WARN_64_TO_32_BIT_CONVERSION = YES;
				GCC_WARN_ABOUT_RETURN_TYPE = YES_ERROR;
				GCC_WARN_UNDECLARED_SELECTOR = YES;
				GCC_WARN_UNINITIALIZED_AUTOS = YES_AGGRESSIVE;
				GCC_WARN_UNUSED_FUNCTION = YES;
				GCC_WARN_UNUSED_VARIABLE = YES;
				IPHONEOS_DEPLOYMENT_TARGET = 14.0;
				MTL_ENABLE_DEBUG_INFO = NO;
				MTL_FAST_MATH = YES;
				SDKROOT = iphoneos;
				SWIFT_COMPILATION_MODE = wholemodule;
				SWIFT_OPTIMIZATION_LEVEL = "-O";
				VALIDATE_PRODUCT = YES;
			};
			name = Release;
		};
		BF2318C82633013E000FBCDA /* Debug */ = {
			isa = XCBuildConfiguration;
			baseConfigurationReference = 33F16158AC8CF75AA98B068B /* Pods-CapSteezyProjeezy.debug.xcconfig */;
			buildSettings = {
				ASSETCATALOG_COMPILER_APPICON_NAME = AppIcon;
				ASSETCATALOG_COMPILER_GLOBAL_ACCENT_COLOR_NAME = AccentColor;
				CODE_SIGN_STYLE = Automatic;
				DEVELOPMENT_TEAM = X9MXMWF9KT;
				INFOPLIST_FILE = CapSteezyProjeezy/Info.plist;
				LD_RUNPATH_SEARCH_PATHS = (
					"$(inherited)",
					"@executable_path/Frameworks",
				);
				PRODUCT_BUNDLE_IDENTIFIER = appDev.CapSteezyProjeezy;
				PRODUCT_NAME = "$(TARGET_NAME)";
				SWIFT_VERSION = 5.0;
				TARGETED_DEVICE_FAMILY = "1,2";
			};
			name = Debug;
		};
		BF2318C92633013E000FBCDA /* Release */ = {
			isa = XCBuildConfiguration;
			baseConfigurationReference = C929BC966C1A458BE5B98DAD /* Pods-CapSteezyProjeezy.release.xcconfig */;
			buildSettings = {
				ASSETCATALOG_COMPILER_APPICON_NAME = AppIcon;
				ASSETCATALOG_COMPILER_GLOBAL_ACCENT_COLOR_NAME = AccentColor;
				CODE_SIGN_STYLE = Automatic;
				DEVELOPMENT_TEAM = X9MXMWF9KT;
				INFOPLIST_FILE = CapSteezyProjeezy/Info.plist;
				LD_RUNPATH_SEARCH_PATHS = (
					"$(inherited)",
					"@executable_path/Frameworks",
				);
				PRODUCT_BUNDLE_IDENTIFIER = appDev.CapSteezyProjeezy;
				PRODUCT_NAME = "$(TARGET_NAME)";
				SWIFT_VERSION = 5.0;
				TARGETED_DEVICE_FAMILY = "1,2";
			};
			name = Release;
		};
/* End XCBuildConfiguration section */

/* Begin XCConfigurationList section */
		BF2318AE2633013B000FBCDA /* Build configuration list for PBXProject "CapSteezyProjeezy" */ = {
			isa = XCConfigurationList;
			buildConfigurations = (
				BF2318C52633013E000FBCDA /* Debug */,
				BF2318C62633013E000FBCDA /* Release */,
			);
			defaultConfigurationIsVisible = 0;
			defaultConfigurationName = Release;
		};
		BF2318C72633013E000FBCDA /* Build configuration list for PBXNativeTarget "CapSteezyProjeezy" */ = {
			isa = XCConfigurationList;
			buildConfigurations = (
				BF2318C82633013E000FBCDA /* Debug */,
				BF2318C92633013E000FBCDA /* Release */,
			);
			defaultConfigurationIsVisible = 0;
			defaultConfigurationName = Release;
		};
/* End XCConfigurationList section */
	};
	rootObject = BF2318AB2633013B000FBCDA /* Project object */;
}
